
Microsoft Visual Studio Solution File, Format Version 12.00
# Visual Studio Version 17
VisualStudioVersion = 17.8.34408.163
MinimumVisualStudioVersion = 10.0.40219.1
Project("{9A19103F-16F7-4668-BE54-9A1E7A4F7556}") = "BookManagmentApp", "BookManagmentApp.csproj", "{E9A63A7E-5471-40ED-AA1C-ADB6365EE96A}"
EndProject
Global
	GlobalSection(SolutionConfigurationPlatforms) = preSolution
		Debug|Any CPU = Debug|Any CPU
		Release|Any CPU = Release|Any CPU
	EndGlobalSection
	GlobalSection(ProjectConfigurationPlatforms) = postSolution
		{E9A63A7E-5471-40ED-AA1C-ADB6365EE96A}.Debug|Any CPU.ActiveCfg = Debug|Any CPU
		{E9A63A7E-5471-40ED-AA1C-ADB6365EE96A}.Debug|Any CPU.Build.0 = Debug|Any CPU
		{E9A63A7E-5471-40ED-AA1C-ADB6365EE96A}.Release|Any CPU.ActiveCfg = Release|Any CPU
		{E9A63A7E-5471-40ED-AA1C-ADB6365EE96A}.Release|Any CPU.Build.0 = Release|Any CPU
	EndGlobalSection
	GlobalSection(SolutionProperties) = preSolution
		HideSolutionNode = FALSE
	EndGlobalSection
	GlobalSection(ExtensibilityGlobals) = postSolution
		SolutionGuid = {A2F2B4B7-0EAE-437C-9FED-B2E532014C17}
	EndGlobalSection
EndGlobal
