
Microsoft Visual Studio Solution File, Format Version 12.00
# Visual Studio Version 17
VisualStudioVersion = 17.8.34408.163
MinimumVisualStudioVersion = 10.0.40219.1
Project("{FAE04EC0-301F-11D3-BF4B-00C04F79EFBC}") = "ConsoleApp.HangmanApp", "ConsoleApp.HangmanApp.csproj", "{CFC05E99-9779-43EA-B33E-D0E6EFC0E57C}"
EndProject
Global
	GlobalSection(SolutionConfigurationPlatforms) = preSolution
		Debug|Any CPU = Debug|Any CPU
		Release|Any CPU = Release|Any CPU
	EndGlobalSection
	GlobalSection(ProjectConfigurationPlatforms) = postSolution
		{CFC05E99-9779-43EA-B33E-D0E6EFC0E57C}.Debug|Any CPU.ActiveCfg = Debug|Any CPU
		{CFC05E99-9779-43EA-B33E-D0E6EFC0E57C}.Debug|Any CPU.Build.0 = Debug|Any CPU
		{CFC05E99-9779-43EA-B33E-D0E6EFC0E57C}.Release|Any CPU.ActiveCfg = Release|Any CPU
		{CFC05E99-9779-43EA-B33E-D0E6EFC0E57C}.Release|Any CPU.Build.0 = Release|Any CPU
	EndGlobalSection
	GlobalSection(SolutionProperties) = preSolution
		HideSolutionNode = FALSE
	EndGlobalSection
	GlobalSection(ExtensibilityGlobals) = postSolution
		SolutionGuid = {C8C7893E-8C2D-492A-8738-8314118C6760}
	EndGlobalSection
EndGlobal
